
Microsoft Visual Studio Solution File, Format Version 12.00
# Visual Studio Version 17
VisualStudioVersion = 17.3.32819.101
MinimumVisualStudioVersion = 10.0.40219.1
Project("{9A19103F-16F7-4668-BE54-9A1E7A4F7556}") = "TP3-Web", "TP3-Web\TP3-Web.csproj", "{A61C388D-2B09-428B-83E4-385528B7BC97}"
EndProject
Project("{9A19103F-16F7-4668-BE54-9A1E7A4F7556}") = "TP3-Seeder", "TP3-Seeder\TP3-Seeder.csproj", "{3F76D9E8-0198-4A10-BC32-B082624F7A77}"
EndProject
Global
	GlobalSection(SolutionConfigurationPlatforms) = preSolution
		Debug|Any CPU = Debug|Any CPU
		Release|Any CPU = Release|Any CPU
	EndGlobalSection
	GlobalSection(ProjectConfigurationPlatforms) = postSolution
		{A61C388D-2B09-428B-83E4-385528B7BC97}.Debug|Any CPU.ActiveCfg = Debug|Any CPU
		{A61C388D-2B09-428B-83E4-385528B7BC97}.Debug|Any CPU.Build.0 = Debug|Any CPU
		{A61C388D-2B09-428B-83E4-385528B7BC97}.Release|Any CPU.ActiveCfg = Release|Any CPU
		{A61C388D-2B09-428B-83E4-385528B7BC97}.Release|Any CPU.Build.0 = Release|Any CPU
		{3F76D9E8-0198-4A10-BC32-B082624F7A77}.Debug|Any CPU.ActiveCfg = Debug|Any CPU
		{3F76D9E8-0198-4A10-BC32-B082624F7A77}.Debug|Any CPU.Build.0 = Debug|Any CPU
		{3F76D9E8-0198-4A10-BC32-B082624F7A77}.Release|Any CPU.ActiveCfg = Release|Any CPU
		{3F76D9E8-0198-4A10-BC32-B082624F7A77}.Release|Any CPU.Build.0 = Release|Any CPU
	EndGlobalSection
	GlobalSection(SolutionProperties) = preSolution
		HideSolutionNode = FALSE
	EndGlobalSection
	GlobalSection(ExtensibilityGlobals) = postSolution
		SolutionGuid = {0882F1D7-4651-4476-B39D-E4BF4702F241}
	EndGlobalSection
EndGlobal
